// !$*UTF8*$!
{
	archiveVersion = 1;
	classes = {
	};
	objectVersion = 56;
	objects = {

/* Begin PBXBuildFile section */
		ED1399832B97B3BF007A8B42 /* AppleFrameworksApp.swift in Sources */ = {isa = PBXBuildFile; fileRef = ED1399822B97B3BF007A8B42 /* AppleFrameworksApp.swift */; };
		ED1399872B97B3C0007A8B42 /* Assets.xcassets in Resources */ = {isa = PBXBuildFile; fileRef = ED1399862B97B3C0007A8B42 /* Assets.xcassets */; };
		ED13998A2B97B3C0007A8B42 /* Preview Assets.xcassets in Resources */ = {isa = PBXBuildFile; fileRef = ED1399892B97B3C0007A8B42 /* Preview Assets.xcassets */; };
		ED1399922B97B445007A8B42 /* FrameworkModel.swift in Sources */ = {isa = PBXBuildFile; fileRef = ED1399912B97B445007A8B42 /* FrameworkModel.swift */; };
		ED1399992B97B453007A8B42 /* FrameworkGridView.swift in Sources */ = {isa = PBXBuildFile; fileRef = ED1399952B97B453007A8B42 /* FrameworkGridView.swift */; };
		ED13999A2B97B453007A8B42 /* FrameworkGridViewModel.swift in Sources */ = {isa = PBXBuildFile; fileRef = ED1399962B97B453007A8B42 /* FrameworkGridViewModel.swift */; };
		ED13999B2B97B453007A8B42 /* FrameworkDetailView.swift in Sources */ = {isa = PBXBuildFile; fileRef = ED1399982B97B453007A8B42 /* FrameworkDetailView.swift */; };
		ED42797E2B97B521004F0617 /* FrameworkTitleView.swift in Sources */ = {isa = PBXBuildFile; fileRef = ED42797D2B97B521004F0617 /* FrameworkTitleView.swift */; };
		ED4279802B97B52C004F0617 /* FrameworkButton.swift in Sources */ = {isa = PBXBuildFile; fileRef = ED42797F2B97B52C004F0617 /* FrameworkButton.swift */; };
		ED4279822B97B52F004F0617 /* XDismissButton.swift in Sources */ = {isa = PBXBuildFile; fileRef = ED4279812B97B52F004F0617 /* XDismissButton.swift */; };
		ED4279842B97B532004F0617 /* SafariView.swift in Sources */ = {isa = PBXBuildFile; fileRef = ED4279832B97B532004F0617 /* SafariView.swift */; };
/* End PBXBuildFile section */

/* Begin PBXFileReference section */
		ED13997F2B97B3BF007A8B42 /* AppleFrameworks.app */ = {isa = PBXFileReference; explicitFileType = wrapper.application; includeInIndex = 0; path = AppleFrameworks.app; sourceTree = BUILT_PRODUCTS_DIR; };
		ED1399822B97B3BF007A8B42 /* AppleFrameworksApp.swift */ = {isa = PBXFileReference; lastKnownFileType = sourcecode.swift; path = AppleFrameworksApp.swift; sourceTree = "<group>"; };
		ED1399862B97B3C0007A8B42 /* Assets.xcassets */ = {isa = PBXFileReference; lastKnownFileType = folder.assetcatalog; path = Assets.xcassets; sourceTree = "<group>"; };
		ED1399892B97B3C0007A8B42 /* Preview Assets.xcassets */ = {isa = PBXFileReference; lastKnownFileType = folder.assetcatalog; path = "Preview Assets.xcassets"; sourceTree = "<group>"; };
		ED1399912B97B445007A8B42 /* FrameworkModel.swift */ = {isa = PBXFileReference; fileEncoding = 4; lastKnownFileType = sourcecode.swift; path = FrameworkModel.swift; sourceTree = "<group>"; };
		ED1399952B97B453007A8B42 /* FrameworkGridView.swift */ = {isa = PBXFileReference; fileEncoding = 4; lastKnownFileType = sourcecode.swift; path = FrameworkGridView.swift; sourceTree = "<group>"; };
		ED1399962B97B453007A8B42 /* FrameworkGridViewModel.swift */ = {isa = PBXFileReference; fileEncoding = 4; lastKnownFileType = sourcecode.swift; path = FrameworkGridViewModel.swift; sourceTree = "<group>"; };
		ED1399982B97B453007A8B42 /* FrameworkDetailView.swift */ = {isa = PBXFileReference; fileEncoding = 4; lastKnownFileType = sourcecode.swift; path = FrameworkDetailView.swift; sourceTree = "<group>"; };
		ED42797D2B97B521004F0617 /* FrameworkTitleView.swift */ = {isa = PBXFileReference; lastKnownFileType = sourcecode.swift; path = FrameworkTitleView.swift; sourceTree = "<group>"; };
		ED42797F2B97B52C004F0617 /* FrameworkButton.swift */ = {isa = PBXFileReference; lastKnownFileType = sourcecode.swift; path = FrameworkButton.swift; sourceTree = "<group>"; };
		ED4279812B97B52F004F0617 /* XDismissButton.swift */ = {isa = PBXFileReference; lastKnownFileType = sourcecode.swift; path = XDismissButton.swift; sourceTree = "<group>"; };
		ED4279832B97B532004F0617 /* SafariView.swift */ = {isa = PBXFileReference; lastKnownFileType = sourcecode.swift; path = SafariView.swift; sourceTree = "<group>"; };
/* End PBXFileReference section */

/* Begin PBXFrameworksBuildPhase section */
		ED13997C2B97B3BF007A8B42 /* Frameworks */ = {
			isa = PBXFrameworksBuildPhase;
			buildActionMask = 2147483647;
			files = (
			);
			runOnlyForDeploymentPostprocessing = 0;
		};
/* End PBXFrameworksBuildPhase section */

/* Begin PBXGroup section */
		ED1399762B97B3BF007A8B42 = {
			isa = PBXGroup;
			children = (
				ED1399812B97B3BF007A8B42 /* AppleFrameworks */,
				ED1399802B97B3BF007A8B42 /* Products */,
			);
			sourceTree = "<group>";
		};
		ED1399802B97B3BF007A8B42 /* Products */ = {
			isa = PBXGroup;
			children = (
				ED13997F2B97B3BF007A8B42 /* AppleFrameworks.app */,
			);
			name = Products;
			sourceTree = "<group>";
		};
		ED1399812B97B3BF007A8B42 /* AppleFrameworks */ = {
			isa = PBXGroup;
			children = (
				ED1399822B97B3BF007A8B42 /* AppleFrameworksApp.swift */,
				ED4279852B97B5B3004F0617 /* Views */,
				ED1399902B97B445007A8B42 /* Model */,
				ED1399932B97B453007A8B42 /* Screens */,
				ED1399862B97B3C0007A8B42 /* Assets.xcassets */,
				ED1399882B97B3C0007A8B42 /* Preview Content */,
			);
			path = AppleFrameworks;
			sourceTree = "<group>";
		};
		ED1399882B97B3C0007A8B42 /* Preview Content */ = {
			isa = PBXGroup;
			children = (
				ED1399892B97B3C0007A8B42 /* Preview Assets.xcassets */,
			);
			path = "Preview Content";
			sourceTree = "<group>";
		};
		ED1399902B97B445007A8B42 /* Model */ = {
			isa = PBXGroup;
			children = (
				ED1399912B97B445007A8B42 /* FrameworkModel.swift */,
			);
			path = Model;
			sourceTree = "<group>";
		};
		ED1399932B97B453007A8B42 /* Screens */ = {
			isa = PBXGroup;
			children = (
				ED1399942B97B453007A8B42 /* FrameworkGridView */,
				ED1399972B97B453007A8B42 /* FrameworkDetailView */,
			);
			path = Screens;
			sourceTree = "<group>";
		};
		ED1399942B97B453007A8B42 /* FrameworkGridView */ = {
			isa = PBXGroup;
			children = (
				ED1399952B97B453007A8B42 /* FrameworkGridView.swift */,
				ED1399962B97B453007A8B42 /* FrameworkGridViewModel.swift */,
			);
			path = FrameworkGridView;
			sourceTree = "<group>";
		};
		ED1399972B97B453007A8B42 /* FrameworkDetailView */ = {
			isa = PBXGroup;
			children = (
				ED1399982B97B453007A8B42 /* FrameworkDetailView.swift */,
			);
			path = FrameworkDetailView;
			sourceTree = "<group>";
		};
		ED4279852B97B5B3004F0617 /* Views */ = {
			isa = PBXGroup;
			children = (
				ED4279882B97B5D1004F0617 /* View */,
				ED4279872B97B5C6004F0617 /* UIKit Components */,
				ED4279862B97B5BB004F0617 /* Buttons */,
			);
			path = Views;
			sourceTree = "<group>";
		};
		ED4279862B97B5BB004F0617 /* Buttons */ = {
			isa = PBXGroup;
			children = (
				ED4279812B97B52F004F0617 /* XDismissButton.swift */,
				ED42797F2B97B52C004F0617 /* FrameworkButton.swift */,
			);
			path = Buttons;
			sourceTree = "<group>";
		};
		ED4279872B97B5C6004F0617 /* UIKit Components */ = {
			isa = PBXGroup;
			children = (
				ED4279832B97B532004F0617 /* SafariView.swift */,
			);
			path = "UIKit Components";
			sourceTree = "<group>";
		};
		ED4279882B97B5D1004F0617 /* View */ = {
			isa = PBXGroup;
			children = (
				ED42797D2B97B521004F0617 /* FrameworkTitleView.swift */,
			);
			path = View;
			sourceTree = "<group>";
		};
/* End PBXGroup section */

/* Begin PBXNativeTarget section */
		ED13997E2B97B3BF007A8B42 /* AppleFrameworks */ = {
			isa = PBXNativeTarget;
			buildConfigurationList = ED13998D2B97B3C0007A8B42 /* Build configuration list for PBXNativeTarget "AppleFrameworks" */;
			buildPhases = (
				ED13997B2B97B3BF007A8B42 /* Sources */,
				ED13997C2B97B3BF007A8B42 /* Frameworks */,
				ED13997D2B97B3BF007A8B42 /* Resources */,
			);
			buildRules = (
			);
			dependencies = (
			);
			name = AppleFrameworks;
			productName = AppleFrameworks;
			productReference = ED13997F2B97B3BF007A8B42 /* AppleFrameworks.app */;
			productType = "com.apple.product-type.application";
		};
/* End PBXNativeTarget section */

/* Begin PBXProject section */
		ED1399772B97B3BF007A8B42 /* Project object */ = {
			isa = PBXProject;
			attributes = {
				BuildIndependentTargetsInParallel = 1;
				LastSwiftUpdateCheck = 1500;
				LastUpgradeCheck = 1500;
				TargetAttributes = {
					ED13997E2B97B3BF007A8B42 = {
						CreatedOnToolsVersion = 15.0;
					};
				};
			};
			buildConfigurationList = ED13997A2B97B3BF007A8B42 /* Build configuration list for PBXProject "AppleFrameworks" */;
			compatibilityVersion = "Xcode 14.0";
			developmentRegion = en;
			hasScannedForEncodings = 0;
			knownRegions = (
				en,
				Base,
			);
			mainGroup = ED1399762B97B3BF007A8B42;
			productRefGroup = ED1399802B97B3BF007A8B42 /* Products */;
			projectDirPath = "";
			projectRoot = "";
			targets = (
				ED13997E2B97B3BF007A8B42 /* AppleFrameworks */,
			);
		};
/* End PBXProject section */

/* Begin PBXResourcesBuildPhase section */
		ED13997D2B97B3BF007A8B42 /* Resources */ = {
			isa = PBXResourcesBuildPhase;
			buildActionMask = 2147483647;
			files = (
				ED13998A2B97B3C0007A8B42 /* Preview Assets.xcassets in Resources */,
				ED1399872B97B3C0007A8B42 /* Assets.xcassets in Resources */,
			);
			runOnlyForDeploymentPostprocessing = 0;
		};
/* End PBXResourcesBuildPhase section */

/* Begin PBXSourcesBuildPhase section */
		ED13997B2B97B3BF007A8B42 /* Sources */ = {
			isa = PBXSourcesBuildPhase;
			buildActionMask = 2147483647;
			files = (
				ED1399992B97B453007A8B42 /* FrameworkGridView.swift in Sources */,
				ED4279842B97B532004F0617 /* SafariView.swift in Sources */,
				ED13999B2B97B453007A8B42 /* FrameworkDetailView.swift in Sources */,
				ED4279802B97B52C004F0617 /* FrameworkButton.swift in Sources */,
				ED1399832B97B3BF007A8B42 /* AppleFrameworksApp.swift in Sources */,
				ED1399922B97B445007A8B42 /* FrameworkModel.swift in Sources */,
				ED42797E2B97B521004F0617 /* FrameworkTitleView.swift in Sources */,
				ED13999A2B97B453007A8B42 /* FrameworkGridViewModel.swift in Sources */,
				ED4279822B97B52F004F0617 /* XDismissButton.swift in Sources */,
			);
			runOnlyForDeploymentPostprocessing = 0;
		};
/* End PBXSourcesBuildPhase section */

/* Begin XCBuildConfiguration section */
		ED13998B2B97B3C0007A8B42 /* Debug */ = {
			isa = XCBuildConfiguration;
			buildSettings = {
				ALWAYS_SEARCH_USER_PATHS = NO;
				ASSETCATALOG_COMPILER_GENERATE_SWIFT_ASSET_SYMBOL_EXTENSIONS = YES;
				CLANG_ANALYZER_NONNULL = YES;
				CLANG_ANALYZER_NUMBER_OBJECT_CONVERSION = YES_AGGRESSIVE;
				CLANG_CXX_LANGUAGE_STANDARD = "gnu++20";
				CLANG_ENABLE_MODULES = YES;
				CLANG_ENABLE_OBJC_ARC = YES;
				CLANG_ENABLE_OBJC_WEAK = YES;
				CLANG_WARN_BLOCK_CAPTURE_AUTORELEASING = YES;
				CLANG_WARN_BOOL_CONVERSION = YES;
				CLANG_WARN_COMMA = YES;
				CLANG_WARN_CONSTANT_CONVERSION = YES;
				CLANG_WARN_DEPRECATED_OBJC_IMPLEMENTATIONS = YES;
				CLANG_WARN_DIRECT_OBJC_ISA_USAGE = YES_ERROR;
				CLANG_WARN_DOCUMENTATION_COMMENTS = YES;
				CLANG_WARN_EMPTY_BODY = YES;
				CLANG_WARN_ENUM_CONVERSION = YES;
				CLANG_WARN_INFINITE_RECURSION = YES;
				CLANG_WARN_INT_CONVERSION = YES;
				CLANG_WARN_NON_LITERAL_NULL_CONVERSION = YES;
				CLANG_WARN_OBJC_IMPLICIT_RETAIN_SELF = YES;
				CLANG_WARN_OBJC_LITERAL_CONVERSION = YES;
				CLANG_WARN_OBJC_ROOT_CLASS = YES_ERROR;
				CLANG_WARN_QUOTED_INCLUDE_IN_FRAMEWORK_HEADER = YES;
				CLANG_WARN_RANGE_LOOP_ANALYSIS = YES;
				CLANG_WARN_STRICT_PROTOTYPES = YES;
				CLANG_WARN_SUSPICIOUS_MOVE = YES;
				CLANG_WARN_UNGUARDED_AVAILABILITY = YES_AGGRESSIVE;
				CLANG_WARN_UNREACHABLE_CODE = YES;
				CLANG_WARN__DUPLICATE_METHOD_MATCH = YES;
				COPY_PHASE_STRIP = NO;
				DEBUG_INFORMATION_FORMAT = dwarf;
				ENABLE_STRICT_OBJC_MSGSEND = YES;
				ENABLE_TESTABILITY = YES;
				ENABLE_USER_SCRIPT_SANDBOXING = YES;
				GCC_C_LANGUAGE_STANDARD = gnu17;
				GCC_DYNAMIC_NO_PIC = NO;
				GCC_NO_COMMON_BLOCKS = YES;
				GCC_OPTIMIZATION_LEVEL = 0;
				GCC_PREPROCESSOR_DEFINITIONS = (
					"DEBUG=1",
					"$(inherited)",
				);
				GCC_WARN_64_TO_32_BIT_CONVERSION = YES;
				GCC_WARN_ABOUT_RETURN_TYPE = YES_ERROR;
				GCC_WARN_UNDECLARED_SELECTOR = YES;
				GCC_WARN_UNINITIALIZED_AUTOS = YES_AGGRESSIVE;
				GCC_WARN_UNUSED_FUNCTION = YES;
				GCC_WARN_UNUSED_VARIABLE = YES;
				IPHONEOS_DEPLOYMENT_TARGET = 17.0;
				LOCALIZATION_PREFERS_STRING_CATALOGS = YES;
				MTL_ENABLE_DEBUG_INFO = INCLUDE_SOURCE;
				MTL_FAST_MATH = YES;
				ONLY_ACTIVE_ARCH = YES;
				SDKROOT = iphoneos;
				SWIFT_ACTIVE_COMPILATION_CONDITIONS = "DEBUG $(inherited)";
				SWIFT_OPTIMIZATION_LEVEL = "-Onone";
			};
			name = Debug;
		};
		ED13998C2B97B3C0007A8B42 /* Release */ = {
			isa = XCBuildConfiguration;
			buildSettings = {
				ALWAYS_SEARCH_USER_PATHS = NO;
				ASSETCATALOG_COMPILER_GENERATE_SWIFT_ASSET_SYMBOL_EXTENSIONS = YES;
				CLANG_ANALYZER_NONNULL = YES;
				CLANG_ANALYZER_NUMBER_OBJECT_CONVERSION = YES_AGGRESSIVE;
				CLANG_CXX_LANGUAGE_STANDARD = "gnu++20";
				CLANG_ENABLE_MODULES = YES;
				CLANG_ENABLE_OBJC_ARC = YES;
				CLANG_ENABLE_OBJC_WEAK = YES;
				CLANG_WARN_BLOCK_CAPTURE_AUTORELEASING = YES;
				CLANG_WARN_BOOL_CONVERSION = YES;
				CLANG_WARN_COMMA = YES;
				CLANG_WARN_CONSTANT_CONVERSION = YES;
				CLANG_WARN_DEPRECATED_OBJC_IMPLEMENTATIONS = YES;
				CLANG_WARN_DIRECT_OBJC_ISA_USAGE = YES_ERROR;
				CLANG_WARN_DOCUMENTATION_COMMENTS = YES;
				CLANG_WARN_EMPTY_BODY = YES;
				CLANG_WARN_ENUM_CONVERSION = YES;
				CLANG_WARN_INFINITE_RECURSION = YES;
				CLANG_WARN_INT_CONVERSION = YES;
				CLANG_WARN_NON_LITERAL_NULL_CONVERSION = YES;
				CLANG_WARN_OBJC_IMPLICIT_RETAIN_SELF = YES;
				CLANG_WARN_OBJC_LITERAL_CONVERSION = YES;
				CLANG_WARN_OBJC_ROOT_CLASS = YES_ERROR;
				CLANG_WARN_QUOTED_INCLUDE_IN_FRAMEWORK_HEADER = YES;
				CLANG_WARN_RANGE_LOOP_ANALYSIS = YES;
				CLANG_WARN_STRICT_PROTOTYPES = YES;
				CLANG_WARN_SUSPICIOUS_MOVE = YES;
				CLANG_WARN_UNGUARDED_AVAILABILITY = YES_AGGRESSIVE;
				CLANG_WARN_UNREACHABLE_CODE = YES;
				CLANG_WARN__DUPLICATE_METHOD_MATCH = YES;
				COPY_PHASE_STRIP = NO;
				DEBUG_INFORMATION_FORMAT = "dwarf-with-dsym";
				ENABLE_NS_ASSERTIONS = NO;
				ENABLE_STRICT_OBJC_MSGSEND = YES;
				ENABLE_USER_SCRIPT_SANDBOXING = YES;
				GCC_C_LANGUAGE_STANDARD = gnu17;
				GCC_NO_COMMON_BLOCKS = YES;
				GCC_WARN_64_TO_32_BIT_CONVERSION = YES;
				GCC_WARN_ABOUT_RETURN_TYPE = YES_ERROR;
				GCC_WARN_UNDECLARED_SELECTOR = YES;
				GCC_WARN_UNINITIALIZED_AUTOS = YES_AGGRESSIVE;
				GCC_WARN_UNUSED_FUNCTION = YES;
				GCC_WARN_UNUSED_VARIABLE = YES;
				IPHONEOS_DEPLOYMENT_TARGET = 17.0;
				LOCALIZATION_PREFERS_STRING_CATALOGS = YES;
				MTL_ENABLE_DEBUG_INFO = NO;
				MTL_FAST_MATH = YES;
				SDKROOT = iphoneos;
				SWIFT_COMPILATION_MODE = wholemodule;
				VALIDATE_PRODUCT = YES;
			};
			name = Release;
		};
		ED13998E2B97B3C0007A8B42 /* Debug */ = {
			isa = XCBuildConfiguration;
			buildSettings = {
				ASSETCATALOG_COMPILER_APPICON_NAME = AppIcon;
				ASSETCATALOG_COMPILER_GLOBAL_ACCENT_COLOR_NAME = AccentColor;
				CODE_SIGN_STYLE = Automatic;
				CURRENT_PROJECT_VERSION = 1;
				DEVELOPMENT_ASSET_PATHS = "\"AppleFrameworks/Preview Content\"";
				DEVELOPMENT_TEAM = HABCX8X22Q;
				ENABLE_PREVIEWS = YES;
				GENERATE_INFOPLIST_FILE = YES;
				INFOPLIST_KEY_UIApplicationSceneManifest_Generation = YES;
				INFOPLIST_KEY_UIApplicationSupportsIndirectInputEvents = YES;
				INFOPLIST_KEY_UILaunchScreen_Generation = YES;
				INFOPLIST_KEY_UISupportedInterfaceOrientations_iPad = "UIInterfaceOrientationPortrait UIInterfaceOrientationPortraitUpsideDown UIInterfaceOrientationLandscapeLeft UIInterfaceOrientationLandscapeRight";
				INFOPLIST_KEY_UISupportedInterfaceOrientations_iPhone = "UIInterfaceOrientationPortrait UIInterfaceOrientationLandscapeLeft UIInterfaceOrientationLandscapeRight";
				LD_RUNPATH_SEARCH_PATHS = (
					"$(inherited)",
					"@executable_path/Frameworks",
				);
				MARKETING_VERSION = 1.0;
				PRODUCT_BUNDLE_IDENTIFIER = com.saanica.rxswiftpractice.AppleFrameworks;
				PRODUCT_NAME = "$(TARGET_NAME)";
				SWIFT_EMIT_LOC_STRINGS = YES;
				SWIFT_VERSION = 5.0;
				TARGETED_DEVICE_FAMILY = "1,2";
			};
			name = Debug;
		};
		ED13998F2B97B3C0007A8B42 /* Release */ = {
			isa = XCBuildConfiguration;
			buildSettings = {
				ASSETCATALOG_COMPILER_APPICON_NAME = AppIcon;
				ASSETCATALOG_COMPILER_GLOBAL_ACCENT_COLOR_NAME = AccentColor;
				CODE_SIGN_STYLE = Automatic;
				CURRENT_PROJECT_VERSION = 1;
				DEVELOPMENT_ASSET_PATHS = "\"AppleFrameworks/Preview Content\"";
				DEVELOPMENT_TEAM = HABCX8X22Q;
				ENABLE_PREVIEWS = YES;
				GENERATE_INFOPLIST_FILE = YES;
				INFOPLIST_KEY_UIApplicationSceneManifest_Generation = YES;
				INFOPLIST_KEY_UIApplicationSupportsIndirectInputEvents = YES;
				INFOPLIST_KEY_UILaunchScreen_Generation = YES;
				INFOPLIST_KEY_UISupportedInterfaceOrientations_iPad = "UIInterfaceOrientationPortrait UIInterfaceOrientationPortraitUpsideDown UIInterfaceOrientationLandscapeLeft UIInterfaceOrientationLandscapeRight";
				INFOPLIST_KEY_UISupportedInterfaceOrientations_iPhone = "UIInterfaceOrientationPortrait UIInterfaceOrientationLandscapeLeft UIInterfaceOrientationLandscapeRight";
				LD_RUNPATH_SEARCH_PATHS = (
					"$(inherited)",
					"@executable_path/Frameworks",
				);
				MARKETING_VERSION = 1.0;
				PRODUCT_BUNDLE_IDENTIFIER = com.saanica.rxswiftpractice.AppleFrameworks;
				PRODUCT_NAME = "$(TARGET_NAME)";
				SWIFT_EMIT_LOC_STRINGS = YES;
				SWIFT_VERSION = 5.0;
				TARGETED_DEVICE_FAMILY = "1,2";
			};
			name = Release;
		};
/* End XCBuildConfiguration section */

/* Begin XCConfigurationList section */
		ED13997A2B97B3BF007A8B42 /* Build configuration list for PBXProject "AppleFrameworks" */ = {
			isa = XCConfigurationList;
			buildConfigurations = (
				ED13998B2B97B3C0007A8B42 /* Debug */,
				ED13998C2B97B3C0007A8B42 /* Release */,
			);
			defaultConfigurationIsVisible = 0;
			defaultConfigurationName = Release;
		};
		ED13998D2B97B3C0007A8B42 /* Build configuration list for PBXNativeTarget "AppleFrameworks" */ = {
			isa = XCConfigurationList;
			buildConfigurations = (
				ED13998E2B97B3C0007A8B42 /* Debug */,
				ED13998F2B97B3C0007A8B42 /* Release */,
			);
			defaultConfigurationIsVisible = 0;
			defaultConfigurationName = Release;
		};
/* End XCConfigurationList section */
	};
	rootObject = ED1399772B97B3BF007A8B42 /* Project object */;
}
